
Microsoft Visual Studio Solution File, Format Version 12.00
# Visual Studio Version 16
VisualStudioVersion = 16.0.32106.194
MinimumVisualStudioVersion = 10.0.40219.1
Project("{FAE04EC0-301F-11D3-BF4B-00C04F79EFBC}") = "Messe-Projekt", "Messe-Projekt\Messe-Projekt.csproj", "{83B9E9C1-BA26-4257-B53E-74FB1E8DB1A3}"
EndProject
Global
	GlobalSection(SolutionConfigurationPlatforms) = preSolution
		Debug|Any CPU = Debug|Any CPU
		Release|Any CPU = Release|Any CPU
	EndGlobalSection
	GlobalSection(ProjectConfigurationPlatforms) = postSolution
		{83B9E9C1-BA26-4257-B53E-74FB1E8DB1A3}.Debug|Any CPU.ActiveCfg = Debug|Any CPU
		{83B9E9C1-BA26-4257-B53E-74FB1E8DB1A3}.Debug|Any CPU.Build.0 = Debug|Any CPU
		{83B9E9C1-BA26-4257-B53E-74FB1E8DB1A3}.Release|Any CPU.ActiveCfg = Release|Any CPU
		{83B9E9C1-BA26-4257-B53E-74FB1E8DB1A3}.Release|Any CPU.Build.0 = Release|Any CPU
	EndGlobalSection
	GlobalSection(SolutionProperties) = preSolution
		HideSolutionNode = FALSE
	EndGlobalSection
	GlobalSection(ExtensibilityGlobals) = postSolution
		SolutionGuid = {B45D2E6D-E714-4816-99D2-67AD45E967C2}
	EndGlobalSection
EndGlobal
